
Microsoft Visual Studio Solution File, Format Version 12.00
# Visual Studio Version 16
VisualStudioVersion = 16.0.31410.357
MinimumVisualStudioVersion = 10.0.40219.1
Project("{FAE04EC0-301F-11D3-BF4B-00C04F79EFBC}") = "FolderWatcher", "FolderWatcher.csproj", "{CC50A133-FB11-4513-B0AE-C789BD257E72}"
EndProject
Project("{2150E333-8FDC-42A3-9474-1A3956D46DE8}") = "Solution Items", "Solution Items", "{B4BD3250-C858-482C-89FF-B35DD7CF7BCA}"
	ProjectSection(SolutionItems) = preProject
		.github\workflows\dotnet-desktop.yml = .github\workflows\dotnet-desktop.yml
	EndProjectSection
EndProject
Project("{FAE04EC0-301F-11D3-BF4B-00C04F79EFBC}") = "FolderWatcher.Test", "..\FolderWatcher.Test\FolderWatcher.Test.csproj", "{DF51B9D5-63AB-4952-AC66-CAF744AFB427}"
EndProject
Global
	GlobalSection(SolutionConfigurationPlatforms) = preSolution
		Debug|Any CPU = Debug|Any CPU
		Release|Any CPU = Release|Any CPU
	EndGlobalSection
	GlobalSection(ProjectConfigurationPlatforms) = postSolution
		{CC50A133-FB11-4513-B0AE-C789BD257E72}.Debug|Any CPU.ActiveCfg = Debug|Any CPU
		{CC50A133-FB11-4513-B0AE-C789BD257E72}.Debug|Any CPU.Build.0 = Debug|Any CPU
		{CC50A133-FB11-4513-B0AE-C789BD257E72}.Release|Any CPU.ActiveCfg = Release|Any CPU
		{CC50A133-FB11-4513-B0AE-C789BD257E72}.Release|Any CPU.Build.0 = Release|Any CPU
		{DF51B9D5-63AB-4952-AC66-CAF744AFB427}.Debug|Any CPU.ActiveCfg = Debug|Any CPU
		{DF51B9D5-63AB-4952-AC66-CAF744AFB427}.Debug|Any CPU.Build.0 = Debug|Any CPU
		{DF51B9D5-63AB-4952-AC66-CAF744AFB427}.Release|Any CPU.ActiveCfg = Release|Any CPU
		{DF51B9D5-63AB-4952-AC66-CAF744AFB427}.Release|Any CPU.Build.0 = Release|Any CPU
	EndGlobalSection
	GlobalSection(SolutionProperties) = preSolution
		HideSolutionNode = FALSE
	EndGlobalSection
	GlobalSection(ExtensibilityGlobals) = postSolution
		SolutionGuid = {8E0FE2F2-9812-4DAC-A5C2-F741037244DF}
	EndGlobalSection
EndGlobal
